
Microsoft Visual Studio Solution File, Format Version 12.00
# Visual Studio 15
VisualStudioVersion = 15.0.28010.2036
MinimumVisualStudioVersion = 10.0.40219.1
Project("{FAE04EC0-301F-11D3-BF4B-00C04F79EFBC}") = "maxValue", "maxValue\maxValue.csproj", "{66D1BF64-34B9-47CB-AE36-44F34601F653}"
EndProject
Project("{FAE04EC0-301F-11D3-BF4B-00C04F79EFBC}") = "maxValue.UnitTest", "maxValue.UnitTest\maxValue.UnitTest.csproj", "{51ECAEC1-D2E7-48F5-8C6C-C63BD5FB47CB}"
EndProject
Global
	GlobalSection(SolutionConfigurationPlatforms) = preSolution
		Debug|Any CPU = Debug|Any CPU
		Release|Any CPU = Release|Any CPU
	EndGlobalSection
	GlobalSection(ProjectConfigurationPlatforms) = postSolution
		{66D1BF64-34B9-47CB-AE36-44F34601F653}.Debug|Any CPU.ActiveCfg = Debug|Any CPU
		{66D1BF64-34B9-47CB-AE36-44F34601F653}.Debug|Any CPU.Build.0 = Debug|Any CPU
		{66D1BF64-34B9-47CB-AE36-44F34601F653}.Release|Any CPU.ActiveCfg = Release|Any CPU
		{66D1BF64-34B9-47CB-AE36-44F34601F653}.Release|Any CPU.Build.0 = Release|Any CPU
		{51ECAEC1-D2E7-48F5-8C6C-C63BD5FB47CB}.Debug|Any CPU.ActiveCfg = Debug|Any CPU
		{51ECAEC1-D2E7-48F5-8C6C-C63BD5FB47CB}.Debug|Any CPU.Build.0 = Debug|Any CPU
		{51ECAEC1-D2E7-48F5-8C6C-C63BD5FB47CB}.Release|Any CPU.ActiveCfg = Release|Any CPU
		{51ECAEC1-D2E7-48F5-8C6C-C63BD5FB47CB}.Release|Any CPU.Build.0 = Release|Any CPU
	EndGlobalSection
	GlobalSection(SolutionProperties) = preSolution
		HideSolutionNode = FALSE
	EndGlobalSection
	GlobalSection(ExtensibilityGlobals) = postSolution
		SolutionGuid = {2CE47B30-E170-4EA8-A7C7-DB3EC6654C3E}
	EndGlobalSection
EndGlobal
